
Microsoft Visual Studio Solution File, Format Version 12.00
# Visual Studio Version 17
VisualStudioVersion = 17.8.34330.188
MinimumVisualStudioVersion = 10.0.40219.1
Project("{FAE04EC0-301F-11D3-BF4B-00C04F79EFBC}") = "Aspekt.Exam.WebApi", "Aspekt.Exam.WebApi.csproj", "{F304685C-1B1D-486E-9099-BC4C9F950830}"
EndProject
Global
	GlobalSection(SolutionConfigurationPlatforms) = preSolution
		Debug|Any CPU = Debug|Any CPU
		Release|Any CPU = Release|Any CPU
	EndGlobalSection
	GlobalSection(ProjectConfigurationPlatforms) = postSolution
		{F304685C-1B1D-486E-9099-BC4C9F950830}.Debug|Any CPU.ActiveCfg = Debug|Any CPU
		{F304685C-1B1D-486E-9099-BC4C9F950830}.Debug|Any CPU.Build.0 = Debug|Any CPU
		{F304685C-1B1D-486E-9099-BC4C9F950830}.Release|Any CPU.ActiveCfg = Release|Any CPU
		{F304685C-1B1D-486E-9099-BC4C9F950830}.Release|Any CPU.Build.0 = Release|Any CPU
	EndGlobalSection
	GlobalSection(SolutionProperties) = preSolution
		HideSolutionNode = FALSE
	EndGlobalSection
	GlobalSection(ExtensibilityGlobals) = postSolution
		SolutionGuid = {382FE37E-AB97-4E7E-989D-5095FC34BADE}
	EndGlobalSection
EndGlobal
